{
  "requires": true,
  "lockfileVersion": 1,
  "dependencies": {
    "@feathers-plus/batch-loader": {
      "version": "0.3.6",
      "resolved": "https://registry.npmjs.org/@feathers-plus/batch-loader/-/batch-loader-0.3.6.tgz",
      "integrity": "sha512-r+n31iZ/B5Rl1mLkC9/S20UI445MdkZvE3VBmjupep2t8OuyTYHPkFEgR25HY6khH+RothK1VL3B5eumk9N2QQ=="
    },
    "@feathersjs/authentication": {
      "version": "4.5.11",
      "resolved": "https://registry.npmjs.org/@feathersjs/authentication/-/authentication-4.5.11.tgz",
      "integrity": "sha512-zLPbz+NIV6wYLstjZtLfozO7koJyzJTj+GyZYDsIK3N4GDhQc1mqWskuwWQtgeYZVpDdEsxPEohJ/7f576pFQQ==",
      "requires": {
        "@feathersjs/errors": "^4.5.11",
        "@feathersjs/feathers": "^4.5.11",
        "@feathersjs/transport-commons": "^4.5.11",
        "@types/jsonwebtoken": "^8.5.0",
        "debug": "^4.3.1",
        "jsonwebtoken": "^8.5.1",
        "lodash": "^4.17.20",
        "long-timeout": "^0.1.1",
        "uuid": "^8.3.1"
      }
    },
    "@feathersjs/authentication-local": {
      "version": "4.5.11",
      "resolved": "https://registry.npmjs.org/@feathersjs/authentication-local/-/authentication-local-4.5.11.tgz",
      "integrity": "sha512-oz8WRzk1gugO8qA1JIoVPIkPJklEq1h5DnU8dsYWMoImsgqfAsSaV4+RulIxNwCDIb6V0Xs5waTu+b53f2rGnA==",
      "requires": {
        "@feathersjs/authentication": "^4.5.11",
        "@feathersjs/errors": "^4.5.11",
        "@feathersjs/feathers": "^4.5.11",
        "bcryptjs": "^2.4.3",
        "debug": "^4.3.1",
        "lodash": "^4.17.20"
      }
    },
    "@feathersjs/commons": {
      "version": "4.5.11",
      "resolved": "https://registry.npmjs.org/@feathersjs/commons/-/commons-4.5.11.tgz",
      "integrity": "sha512-it/9lc0OER36+2zidopWo6Z4xRqNImQ+qegyQdHEuIDpEsYLXAv6MVHuDccaW2x2UmW5pce75UB7DhQ8yh8J/Q=="
    },
    "@feathersjs/errors": {
      "version": "4.5.11",
      "resolved": "https://registry.npmjs.org/@feathersjs/errors/-/errors-4.5.11.tgz",
      "integrity": "sha512-KzkUqmaV7/SGK6SM/ILXjMI/EHOGKQE4GgDHCsB4+mcIwb8IZboeHL6IkYjh6MvwjKNDyS728McZvcflDGn/fA==",
      "requires": {
        "debug": "^4.3.1"
      }
    },
    "@feathersjs/feathers": {
      "version": "4.5.11",
      "resolved": "https://registry.npmjs.org/@feathersjs/feathers/-/feathers-4.5.11.tgz",
      "integrity": "sha512-13zorhzi9eOwAW+l3oT4K8+CGCljpd9yPkx1XOZZyG5J1RSENWpPhgJ5Oe+qWw6Iqk768UBYp3+W1hLCQa6t2g==",
      "requires": {
        "@feathersjs/commons": "^4.5.11",
        "debug": "^4.3.1",
        "events": "^3.2.0",
        "uberproto": "^2.0.6"
      }
    },
    "@feathersjs/transport-commons": {
      "version": "4.5.11",
      "resolved": "https://registry.npmjs.org/@feathersjs/transport-commons/-/transport-commons-4.5.11.tgz",
      "integrity": "sha512-YuQZnHQWOnhDLggwcMHdWGfIwZ5xabZCQ9/g18Nx770SWYwYPSLyvvbwsxs52LVvHyXW7j1VojcNixdUrOnFHQ==",
      "requires": {
        "@feathersjs/commons": "^4.5.11",
        "@feathersjs/errors": "^4.5.11",
        "debug": "^4.3.1",
        "lodash": "^4.17.20",
        "radix-router": "^3.0.1"
      }
    },
    "@types/jsonwebtoken": {
      "version": "8.5.0",
      "resolved": "https://registry.npmjs.org/@types/jsonwebtoken/-/jsonwebtoken-8.5.0.tgz",
      "integrity": "sha512-9bVao7LvyorRGZCw0VmH/dr7Og+NdjYSsKAxB43OQoComFbBgsEpoR9JW6+qSq/ogwVBg8GI2MfAlk4SYI4OLg==",
      "requires": {
        "@types/node": "*"
      }
    },
    "@types/node": {
      "version": "14.14.31",
      "resolved": "https://registry.npmjs.org/@types/node/-/node-14.14.31.tgz",
      "integrity": "sha512-vFHy/ezP5qI0rFgJ7aQnjDXwAMrG0KqqIH7tQG5PPv3BWBayOPIQNBjVc/P6hhdZfMx51REc6tfDNXHUio893g=="
    },
    "ajv": {
      "version": "6.12.6",
      "resolved": "https://registry.npmjs.org/ajv/-/ajv-6.12.6.tgz",
      "integrity": "sha512-j3fVLgvTo527anyYyJOGTYJbG+vnnQYvE0m5mmkc1TK+nxAppkCLMIL0aZ4dblVCNoGShhm+kzE4ZUykBoMg4g==",
      "requires": {
        "fast-deep-equal": "^3.1.1",
        "fast-json-stable-stringify": "^2.0.0",
        "json-schema-traverse": "^0.4.1",
        "uri-js": "^4.2.2"
      }
    },
    "bcryptjs": {
      "version": "2.4.3",
      "resolved": "https://registry.npmjs.org/bcryptjs/-/bcryptjs-2.4.3.tgz",
      "integrity": "sha1-mrVie5PmBiH/fNrF2pczAn3x0Ms="
    },
    "buffer-equal-constant-time": {
      "version": "1.0.1",
      "resolved": "https://registry.npmjs.org/buffer-equal-constant-time/-/buffer-equal-constant-time-1.0.1.tgz",
      "integrity": "sha1-+OcRMvf/5uAaXJaXpMbz5I1cyBk="
    },
    "debug": {
      "version": "4.3.1",
      "resolved": "https://registry.npmjs.org/debug/-/debug-4.3.1.tgz",
      "integrity": "sha512-doEwdvm4PCeK4K3RQN2ZC2BYUBaxwLARCqZmMjtF8a51J2Rb0xpVloFRnCODwqjpwnAoao4pelN8l3RJdv3gRQ==",
      "requires": {
        "ms": "2.1.2"
      }
    },
    "ecdsa-sig-formatter": {
      "version": "1.0.11",
      "resolved": "https://registry.npmjs.org/ecdsa-sig-formatter/-/ecdsa-sig-formatter-1.0.11.tgz",
      "integrity": "sha512-nagl3RYrbNv6kQkeJIpt6NJZy8twLB/2vtz6yN9Z4vRKHN4/QZJIEbqohALSgwKdnksuY3k5Addp5lg8sVoVcQ==",
      "requires": {
        "safe-buffer": "^5.0.1"
      }
    },
    "events": {
      "version": "3.2.0",
      "resolved": "https://registry.npmjs.org/events/-/events-3.2.0.tgz",
      "integrity": "sha512-/46HWwbfCX2xTawVfkKLGxMifJYQBWMwY1mjywRtb4c9x8l5NP3KoJtnIOiL1hfdRkIuYhETxQlo62IF8tcnlg=="
    },
    "fast-deep-equal": {
      "version": "3.1.3",
      "resolved": "https://registry.npmjs.org/fast-deep-equal/-/fast-deep-equal-3.1.3.tgz",
      "integrity": "sha512-f3qQ9oQy9j2AhBe/H9VC91wLmKBCCU/gDOnKNAYG5hswO7BLKj09Hc5HYNz9cGI++xlpDCIgDaitVs03ATR84Q=="
    },
    "fast-json-stable-stringify": {
      "version": "2.1.0",
      "resolved": "https://registry.npmjs.org/fast-json-stable-stringify/-/fast-json-stable-stringify-2.1.0.tgz",
      "integrity": "sha512-lhd/wF+Lk98HZoTCtlVraHtfh5XYijIjalXck7saUtuanSDyLMxnHhSXEDJqHxD7msR8D0uCmqlkwjCV8xvwHw=="
    },
    "feathers-authentication-management": {
      "version": "3.1.0",
      "resolved": "https://registry.npmjs.org/feathers-authentication-management/-/feathers-authentication-management-3.1.0.tgz",
      "integrity": "sha512-XCzdzhOGeX8t6Vjpw/foVtMD9ha5chcXSA5c8UJbeAofPYIJtLa92RbcBo3KnnOZJVhO6FFxYo7HBNjOlhcWVA==",
      "requires": {
        "@feathersjs/authentication": "^4.3.0",
        "@feathersjs/authentication-local": "^4.3.0",
        "@feathersjs/errors": "^4.3.0",
        "bcryptjs": "^2.3.0",
        "debug": "^4.1.0",
        "feathers-hooks-common": "^5.0.3"
      }
    },
    "feathers-hooks-common": {
      "version": "5.0.5",
      "resolved": "https://registry.npmjs.org/feathers-hooks-common/-/feathers-hooks-common-5.0.5.tgz",
      "integrity": "sha512-GOHZ6W/ioEK5uCs4bCh21P/oLObVqIkbQ6WTKZMscJlykDptH3KOIMiUpFscO6uLQcKKZHY7a1PabLNFP2J7tA==",
      "requires": {
        "@feathers-plus/batch-loader": "^0.3.6",
        "@feathersjs/commons": "^4.5.11",
        "@feathersjs/errors": "^4.5.11",
        "@feathersjs/feathers": "^4.5.11",
        "ajv": "^6.12.6",
        "debug": "^4.3.1",
        "graphql": "^15.5.0",
        "lodash": "^4.17.20",
        "process": "0.11.10",
        "traverse": "^0.6.6"
      }
    },
    "graphql": {
      "version": "15.5.0",
      "resolved": "https://registry.npmjs.org/graphql/-/graphql-15.5.0.tgz",
      "integrity": "sha512-OmaM7y0kaK31NKG31q4YbD2beNYa6jBBKtMFT6gLYJljHLJr42IqJ8KX08u3Li/0ifzTU5HjmoOOrwa5BRLeDA=="
    },
    "json-schema-traverse": {
      "version": "0.4.1",
      "resolved": "https://registry.npmjs.org/json-schema-traverse/-/json-schema-traverse-0.4.1.tgz",
      "integrity": "sha512-xbbCH5dCYU5T8LcEhhuh7HJ88HXuW3qsI3Y0zOZFKfZEHcpWiHU/Jxzk629Brsab/mMiHQti9wMP+845RPe3Vg=="
    },
    "jsonwebtoken": {
      "version": "8.5.1",
      "resolved": "https://registry.npmjs.org/jsonwebtoken/-/jsonwebtoken-8.5.1.tgz",
      "integrity": "sha512-XjwVfRS6jTMsqYs0EsuJ4LGxXV14zQybNd4L2r0UvbVnSF9Af8x7p5MzbJ90Ioz/9TI41/hTCvznF/loiSzn8w==",
      "requires": {
        "jws": "^3.2.2",
        "lodash.includes": "^4.3.0",
        "lodash.isboolean": "^3.0.3",
        "lodash.isinteger": "^4.0.4",
        "lodash.isnumber": "^3.0.3",
        "lodash.isplainobject": "^4.0.6",
        "lodash.isstring": "^4.0.1",
        "lodash.once": "^4.0.0",
        "ms": "^2.1.1",
        "semver": "^5.6.0"
      }
    },
    "jwa": {
      "version": "1.4.1",
      "resolved": "https://registry.npmjs.org/jwa/-/jwa-1.4.1.tgz",
      "integrity": "sha512-qiLX/xhEEFKUAJ6FiBMbes3w9ATzyk5W7Hvzpa/SLYdxNtng+gcurvrI7TbACjIXlsJyr05/S1oUhZrc63evQA==",
      "requires": {
        "buffer-equal-constant-time": "1.0.1",
        "ecdsa-sig-formatter": "1.0.11",
        "safe-buffer": "^5.0.1"
      }
    },
    "jws": {
      "version": "3.2.2",
      "resolved": "https://registry.npmjs.org/jws/-/jws-3.2.2.tgz",
      "integrity": "sha512-YHlZCB6lMTllWDtSPHz/ZXTsi8S00usEV6v1tjq8tOUZzw7DpSDWVXjXDre6ed1w/pd495ODpHZYSdkRTsa0HA==",
      "requires": {
        "jwa": "^1.4.1",
        "safe-buffer": "^5.0.1"
      }
    },
    "lodash": {
      "version": "4.17.21",
      "resolved": "https://registry.npmjs.org/lodash/-/lodash-4.17.21.tgz",
      "integrity": "sha512-v2kDEe57lecTulaDIuNTPy3Ry4gLGJ6Z1O3vE1krgXZNrsQ+LFTGHVxVjcXPs17LhbZVGedAJv8XZ1tvj5FvSg=="
    },
    "lodash.includes": {
      "version": "4.3.0",
      "resolved": "https://registry.npmjs.org/lodash.includes/-/lodash.includes-4.3.0.tgz",
      "integrity": "sha1-YLuYqHy5I8aMoeUTJUgzFISfVT8="
    },
    "lodash.isboolean": {
      "version": "3.0.3",
      "resolved": "https://registry.npmjs.org/lodash.isboolean/-/lodash.isboolean-3.0.3.tgz",
      "integrity": "sha1-bC4XHbKiV82WgC/UOwGyDV9YcPY="
    },
    "lodash.isinteger": {
      "version": "4.0.4",
      "resolved": "https://registry.npmjs.org/lodash.isinteger/-/lodash.isinteger-4.0.4.tgz",
      "integrity": "sha1-YZwK89A/iwTDH1iChAt3sRzWg0M="
    },
    "lodash.isnumber": {
      "version": "3.0.3",
      "resolved": "https://registry.npmjs.org/lodash.isnumber/-/lodash.isnumber-3.0.3.tgz",
      "integrity": "sha1-POdoEMWSjQM1IwGsKHMX8RwLH/w="
    },
    "lodash.isplainobject": {
      "version": "4.0.6",
      "resolved": "https://registry.npmjs.org/lodash.isplainobject/-/lodash.isplainobject-4.0.6.tgz",
      "integrity": "sha1-fFJqUtibRcRcxpC4gWO+BJf1UMs="
    },
    "lodash.isstring": {
      "version": "4.0.1",
      "resolved": "https://registry.npmjs.org/lodash.isstring/-/lodash.isstring-4.0.1.tgz",
      "integrity": "sha1-1SfftUVuynzJu5XV2ur4i6VKVFE="
    },
    "lodash.once": {
      "version": "4.1.1",
      "resolved": "https://registry.npmjs.org/lodash.once/-/lodash.once-4.1.1.tgz",
      "integrity": "sha1-DdOXEhPHxW34gJd9UEyI+0cal6w="
    },
    "long-timeout": {
      "version": "0.1.1",
      "resolved": "https://registry.npmjs.org/long-timeout/-/long-timeout-0.1.1.tgz",
      "integrity": "sha1-lyHXiLR+C8taJMLivuGg2lXatRQ="
    },
    "ms": {
      "version": "2.1.2",
      "resolved": "https://registry.npmjs.org/ms/-/ms-2.1.2.tgz",
      "integrity": "sha512-sGkPx+VjMtmA6MX27oA4FBFELFCZZ4S4XqeGOXCv68tT+jb3vk/RyaKWP0PTKyWtmLSM0b+adUTEvbs1PEaH2w=="
    },
    "process": {
      "version": "0.11.10",
      "resolved": "https://registry.npmjs.org/process/-/process-0.11.10.tgz",
      "integrity": "sha1-czIwDoQBYb2j5podHZGn1LwW8YI="
    },
    "punycode": {
      "version": "2.1.1",
      "resolved": "https://registry.npmjs.org/punycode/-/punycode-2.1.1.tgz",
      "integrity": "sha512-XRsRjdf+j5ml+y/6GKHPZbrF/8p2Yga0JPtdqTIY2Xe5ohJPD9saDJJLPvp9+NSBprVvevdXZybnj2cv8OEd0A=="
    },
    "radix-router": {
      "version": "3.0.1",
      "resolved": "https://registry.npmjs.org/radix-router/-/radix-router-3.0.1.tgz",
      "integrity": "sha512-jpHXHgP+ZmVzEfmZ7WVRSvc/EqMoAqYuMtBsHd9s47Hs9Iy8FDJhkweMrDH0wmdxanLzVIWhq0UpomLXNpW8tg=="
    },
    "safe-buffer": {
      "version": "5.2.1",
      "resolved": "https://registry.npmjs.org/safe-buffer/-/safe-buffer-5.2.1.tgz",
      "integrity": "sha512-rp3So07KcdmmKbGvgaNxQSJr7bGVSVk5S9Eq1F+ppbRo70+YeaDxkw5Dd8NPN+GD6bjnYm2VuPuCXmpuYvmCXQ=="
    },
    "semver": {
      "version": "5.7.1",
      "resolved": "https://registry.npmjs.org/semver/-/semver-5.7.1.tgz",
      "integrity": "sha512-sauaDf/PZdVgrLTNYHRtpXa1iRiKcaebiKQ1BJdpQlWH2lCvexQdX55snPFyK7QzpudqbCI0qXFfOasHdyNDGQ=="
    },
    "traverse": {
      "version": "0.6.6",
      "resolved": "https://registry.npmjs.org/traverse/-/traverse-0.6.6.tgz",
      "integrity": "sha1-y99WD9e5r2MlAv7UD5GMFX6pcTc="
    },
    "uberproto": {
      "version": "2.0.6",
      "resolved": "https://registry.npmjs.org/uberproto/-/uberproto-2.0.6.tgz",
      "integrity": "sha512-68H97HffZoFaa3HFtpstahWorN9dSp5uTU6jo3GjIQ6JkJBR3hC2Nx/e/HFOoYHdUyT/Z1MRWfxN1EiQJZUyCQ=="
    },
    "uri-js": {
      "version": "4.4.1",
      "resolved": "https://registry.npmjs.org/uri-js/-/uri-js-4.4.1.tgz",
      "integrity": "sha512-7rKUyy33Q1yc98pQ1DAmLtwX109F7TIfWlW1Ydo8Wl1ii1SeHieeh0HHfPeL2fMXK6z0s8ecKs9frCuLJvndBg==",
      "requires": {
        "punycode": "^2.1.0"
      }
    },
    "uuid": {
      "version": "8.3.2",
      "resolved": "https://registry.npmjs.org/uuid/-/uuid-8.3.2.tgz",
      "integrity": "sha512-+NYs2QeMWy+GWFOEm9xnn6HCDp0l7QBD7ml8zLUmJ+93Q5NF0NocErnwkTkXVFNiX3/fpC6afS8Dhb/gz7R7eg=="
    }
  }
}
